// !$*UTF8*$!
{
	archiveVersion = 1;
	classes = {
	};
	objectVersion = 56;
	objects = {

/* Begin PBXBuildFile section */
		077B396D29484F0C00048E24 /* AppDelegate.swift in Sources */ = {isa = PBXBuildFile; fileRef = 077B396C29484F0C00048E24 /* AppDelegate.swift */; };
		077B396F29484F0C00048E24 /* SceneDelegate.swift in Sources */ = {isa = PBXBuildFile; fileRef = 077B396E29484F0C00048E24 /* SceneDelegate.swift */; };
		077B397429484F0C00048E24 /* Main.storyboard in Resources */ = {isa = PBXBuildFile; fileRef = 077B397229484F0C00048E24 /* Main.storyboard */; };
		077B397629484F0D00048E24 /* Assets.xcassets in Resources */ = {isa = PBXBuildFile; fileRef = 077B397529484F0D00048E24 /* Assets.xcassets */; };
		077B397929484F0D00048E24 /* LaunchScreen.storyboard in Resources */ = {isa = PBXBuildFile; fileRef = 077B397729484F0D00048E24 /* LaunchScreen.storyboard */; };
		077B3985294853FB00048E24 /* CollectionViewController.swift in Sources */ = {isa = PBXBuildFile; fileRef = 077B3984294853FA00048E24 /* CollectionViewController.swift */; };
		077B398D2948615B00048E24 /* UserActionCell.swift in Sources */ = {isa = PBXBuildFile; fileRef = 077B398C2948615B00048E24 /* UserActionCell.swift */; };
		077B398F2948975E00048E24 /* Products.swift in Sources */ = {isa = PBXBuildFile; fileRef = 077B398E2948975E00048E24 /* Products.swift */; };
		077B39912948ABF800048E24 /* ImageViewController.swift in Sources */ = {isa = PBXBuildFile; fileRef = 077B39902948ABF800048E24 /* ImageViewController.swift */; };
/* End PBXBuildFile section */

/* Begin PBXFileReference section */
		077B396929484F0C00048E24 /* JSONParseApp.app */ = {isa = PBXFileReference; explicitFileType = wrapper.application; includeInIndex = 0; path = JSONParseApp.app; sourceTree = BUILT_PRODUCTS_DIR; };
		077B396C29484F0C00048E24 /* AppDelegate.swift */ = {isa = PBXFileReference; lastKnownFileType = sourcecode.swift; path = AppDelegate.swift; sourceTree = "<group>"; };
		077B396E29484F0C00048E24 /* SceneDelegate.swift */ = {isa = PBXFileReference; lastKnownFileType = sourcecode.swift; path = SceneDelegate.swift; sourceTree = "<group>"; };
		077B397329484F0C00048E24 /* Base */ = {isa = PBXFileReference; lastKnownFileType = file.storyboard; name = Base; path = Base.lproj/Main.storyboard; sourceTree = "<group>"; };
		077B397529484F0D00048E24 /* Assets.xcassets */ = {isa = PBXFileReference; lastKnownFileType = folder.assetcatalog; path = Assets.xcassets; sourceTree = "<group>"; };
		077B397829484F0D00048E24 /* Base */ = {isa = PBXFileReference; lastKnownFileType = file.storyboard; name = Base; path = Base.lproj/LaunchScreen.storyboard; sourceTree = "<group>"; };
		077B397A29484F0D00048E24 /* Info.plist */ = {isa = PBXFileReference; lastKnownFileType = text.plist.xml; path = Info.plist; sourceTree = "<group>"; };
		077B3984294853FA00048E24 /* CollectionViewController.swift */ = {isa = PBXFileReference; lastKnownFileType = sourcecode.swift; path = CollectionViewController.swift; sourceTree = "<group>"; };
		077B398C2948615B00048E24 /* UserActionCell.swift */ = {isa = PBXFileReference; lastKnownFileType = sourcecode.swift; path = UserActionCell.swift; sourceTree = "<group>"; };
		077B398E2948975E00048E24 /* Products.swift */ = {isa = PBXFileReference; lastKnownFileType = sourcecode.swift; path = Products.swift; sourceTree = "<group>"; };
		077B39902948ABF800048E24 /* ImageViewController.swift */ = {isa = PBXFileReference; lastKnownFileType = sourcecode.swift; path = ImageViewController.swift; sourceTree = "<group>"; };
/* End PBXFileReference section */

/* Begin PBXFrameworksBuildPhase section */
		077B396629484F0C00048E24 /* Frameworks */ = {
			isa = PBXFrameworksBuildPhase;
			buildActionMask = 2147483647;
			files = (
			);
			runOnlyForDeploymentPostprocessing = 0;
		};
/* End PBXFrameworksBuildPhase section */

/* Begin PBXGroup section */
		077B396029484F0C00048E24 = {
			isa = PBXGroup;
			children = (
				077B396B29484F0C00048E24 /* JSONParseApp */,
				077B396A29484F0C00048E24 /* Products */,
			);
			sourceTree = "<group>";
		};
		077B396A29484F0C00048E24 /* Products */ = {
			isa = PBXGroup;
			children = (
				077B396929484F0C00048E24 /* JSONParseApp.app */,
			);
			name = Products;
			sourceTree = "<group>";
		};
		077B396B29484F0C00048E24 /* JSONParseApp */ = {
			isa = PBXGroup;
			children = (
				077B398B29485A0000048E24 /* Models */,
				077B39802948513300048E24 /* App */,
				077B39812948517700048E24 /* ViewControllers */,
				077B39882948598F00048E24 /* Views */,
				077B39822948518500048E24 /* Storyboards */,
				077B3983294851A800048E24 /* Resources */,
			);
			path = JSONParseApp;
			sourceTree = "<group>";
		};
		077B39802948513300048E24 /* App */ = {
			isa = PBXGroup;
			children = (
				077B396C29484F0C00048E24 /* AppDelegate.swift */,
				077B396E29484F0C00048E24 /* SceneDelegate.swift */,
				077B397A29484F0D00048E24 /* Info.plist */,
			);
			path = App;
			sourceTree = "<group>";
		};
		077B39812948517700048E24 /* ViewControllers */ = {
			isa = PBXGroup;
			children = (
				077B3984294853FA00048E24 /* CollectionViewController.swift */,
				077B39902948ABF800048E24 /* ImageViewController.swift */,
			);
			path = ViewControllers;
			sourceTree = "<group>";
		};
		077B39822948518500048E24 /* Storyboards */ = {
			isa = PBXGroup;
			children = (
				077B397229484F0C00048E24 /* Main.storyboard */,
				077B397729484F0D00048E24 /* LaunchScreen.storyboard */,
			);
			path = Storyboards;
			sourceTree = "<group>";
		};
		077B3983294851A800048E24 /* Resources */ = {
			isa = PBXGroup;
			children = (
				077B397529484F0D00048E24 /* Assets.xcassets */,
			);
			path = Resources;
			sourceTree = "<group>";
		};
		077B39882948598F00048E24 /* Views */ = {
			isa = PBXGroup;
			children = (
				077B398C2948615B00048E24 /* UserActionCell.swift */,
			);
			path = Views;
			sourceTree = "<group>";
		};
		077B398B29485A0000048E24 /* Models */ = {
			isa = PBXGroup;
			children = (
				077B398E2948975E00048E24 /* Products.swift */,
			);
			path = Models;
			sourceTree = "<group>";
		};
/* End PBXGroup section */

/* Begin PBXNativeTarget section */
		077B396829484F0C00048E24 /* JSONParseApp */ = {
			isa = PBXNativeTarget;
			buildConfigurationList = 077B397D29484F0D00048E24 /* Build configuration list for PBXNativeTarget "JSONParseApp" */;
			buildPhases = (
				077B396529484F0C00048E24 /* Sources */,
				077B396629484F0C00048E24 /* Frameworks */,
				077B396729484F0C00048E24 /* Resources */,
			);
			buildRules = (
			);
			dependencies = (
			);
			name = JSONParseApp;
			productName = JSONParseApp;
			productReference = 077B396929484F0C00048E24 /* JSONParseApp.app */;
			productType = "com.apple.product-type.application";
		};
/* End PBXNativeTarget section */

/* Begin PBXProject section */
		077B396129484F0C00048E24 /* Project object */ = {
			isa = PBXProject;
			attributes = {
				BuildIndependentTargetsInParallel = 1;
				LastSwiftUpdateCheck = 1410;
				LastUpgradeCheck = 1410;
				TargetAttributes = {
					077B396829484F0C00048E24 = {
						CreatedOnToolsVersion = 14.1;
					};
				};
			};
			buildConfigurationList = 077B396429484F0C00048E24 /* Build configuration list for PBXProject "JSONParseApp" */;
			compatibilityVersion = "Xcode 14.0";
			developmentRegion = en;
			hasScannedForEncodings = 0;
			knownRegions = (
				en,
				Base,
			);
			mainGroup = 077B396029484F0C00048E24;
			productRefGroup = 077B396A29484F0C00048E24 /* Products */;
			projectDirPath = "";
			projectRoot = "";
			targets = (
				077B396829484F0C00048E24 /* JSONParseApp */,
			);
		};
/* End PBXProject section */

/* Begin PBXResourcesBuildPhase section */
		077B396729484F0C00048E24 /* Resources */ = {
			isa = PBXResourcesBuildPhase;
			buildActionMask = 2147483647;
			files = (
				077B397929484F0D00048E24 /* LaunchScreen.storyboard in Resources */,
				077B397629484F0D00048E24 /* Assets.xcassets in Resources */,
				077B397429484F0C00048E24 /* Main.storyboard in Resources */,
			);
			runOnlyForDeploymentPostprocessing = 0;
		};
/* End PBXResourcesBuildPhase section */

/* Begin PBXSourcesBuildPhase section */
		077B396529484F0C00048E24 /* Sources */ = {
			isa = PBXSourcesBuildPhase;
			buildActionMask = 2147483647;
			files = (
				077B398D2948615B00048E24 /* UserActionCell.swift in Sources */,
				077B3985294853FB00048E24 /* CollectionViewController.swift in Sources */,
				077B398F2948975E00048E24 /* Products.swift in Sources */,
				077B396D29484F0C00048E24 /* AppDelegate.swift in Sources */,
				077B39912948ABF800048E24 /* ImageViewController.swift in Sources */,
				077B396F29484F0C00048E24 /* SceneDelegate.swift in Sources */,
			);
			runOnlyForDeploymentPostprocessing = 0;
		};
/* End PBXSourcesBuildPhase section */

/* Begin PBXVariantGroup section */
		077B397229484F0C00048E24 /* Main.storyboard */ = {
			isa = PBXVariantGroup;
			children = (
				077B397329484F0C00048E24 /* Base */,
			);
			name = Main.storyboard;
			sourceTree = "<group>";
		};
		077B397729484F0D00048E24 /* LaunchScreen.storyboard */ = {
			isa = PBXVariantGroup;
			children = (
				077B397829484F0D00048E24 /* Base */,
			);
			name = LaunchScreen.storyboard;
			sourceTree = "<group>";
		};
/* End PBXVariantGroup section */

/* Begin XCBuildConfiguration section */
		077B397B29484F0D00048E24 /* Debug */ = {
			isa = XCBuildConfiguration;
			buildSettings = {
				ALWAYS_SEARCH_USER_PATHS = NO;
				CLANG_ANALYZER_NONNULL = YES;
				CLANG_ANALYZER_NUMBER_OBJECT_CONVERSION = YES_AGGRESSIVE;
				CLANG_CXX_LANGUAGE_STANDARD = "gnu++20";
				CLANG_ENABLE_MODULES = YES;
				CLANG_ENABLE_OBJC_ARC = YES;
				CLANG_ENABLE_OBJC_WEAK = YES;
				CLANG_WARN_BLOCK_CAPTURE_AUTORELEASING = YES;
				CLANG_WARN_BOOL_CONVERSION = YES;
				CLANG_WARN_COMMA = YES;
				CLANG_WARN_CONSTANT_CONVERSION = YES;
				CLANG_WARN_DEPRECATED_OBJC_IMPLEMENTATIONS = YES;
				CLANG_WARN_DIRECT_OBJC_ISA_USAGE = YES_ERROR;
				CLANG_WARN_DOCUMENTATION_COMMENTS = YES;
				CLANG_WARN_EMPTY_BODY = YES;
				CLANG_WARN_ENUM_CONVERSION = YES;
				CLANG_WARN_INFINITE_RECURSION = YES;
				CLANG_WARN_INT_CONVERSION = YES;
				CLANG_WARN_NON_LITERAL_NULL_CONVERSION = YES;
				CLANG_WARN_OBJC_IMPLICIT_RETAIN_SELF = YES;
				CLANG_WARN_OBJC_LITERAL_CONVERSION = YES;
				CLANG_WARN_OBJC_ROOT_CLASS = YES_ERROR;
				CLANG_WARN_QUOTED_INCLUDE_IN_FRAMEWORK_HEADER = YES;
				CLANG_WARN_RANGE_LOOP_ANALYSIS = YES;
				CLANG_WARN_STRICT_PROTOTYPES = YES;
				CLANG_WARN_SUSPICIOUS_MOVE = YES;
				CLANG_WARN_UNGUARDED_AVAILABILITY = YES_AGGRESSIVE;
				CLANG_WARN_UNREACHABLE_CODE = YES;
				CLANG_WARN__DUPLICATE_METHOD_MATCH = YES;
				COPY_PHASE_STRIP = NO;
				DEBUG_INFORMATION_FORMAT = dwarf;
				ENABLE_STRICT_OBJC_MSGSEND = YES;
				ENABLE_TESTABILITY = YES;
				GCC_C_LANGUAGE_STANDARD = gnu11;
				GCC_DYNAMIC_NO_PIC = NO;
				GCC_NO_COMMON_BLOCKS = YES;
				GCC_OPTIMIZATION_LEVEL = 0;
				GCC_PREPROCESSOR_DEFINITIONS = (
					"DEBUG=1",
					"$(inherited)",
				);
				GCC_WARN_64_TO_32_BIT_CONVERSION = YES;
				GCC_WARN_ABOUT_RETURN_TYPE = YES_ERROR;
				GCC_WARN_UNDECLARED_SELECTOR = YES;
				GCC_WARN_UNINITIALIZED_AUTOS = YES_AGGRESSIVE;
				GCC_WARN_UNUSED_FUNCTION = YES;
				GCC_WARN_UNUSED_VARIABLE = YES;
				IPHONEOS_DEPLOYMENT_TARGET = 16.1;
				MTL_ENABLE_DEBUG_INFO = INCLUDE_SOURCE;
				MTL_FAST_MATH = YES;
				ONLY_ACTIVE_ARCH = YES;
				SDKROOT = iphoneos;
				SWIFT_ACTIVE_COMPILATION_CONDITIONS = DEBUG;
				SWIFT_OPTIMIZATION_LEVEL = "-Onone";
			};
			name = Debug;
		};
		077B397C29484F0D00048E24 /* Release */ = {
			isa = XCBuildConfiguration;
			buildSettings = {
				ALWAYS_SEARCH_USER_PATHS = NO;
				CLANG_ANALYZER_NONNULL = YES;
				CLANG_ANALYZER_NUMBER_OBJECT_CONVERSION = YES_AGGRESSIVE;
				CLANG_CXX_LANGUAGE_STANDARD = "gnu++20";
				CLANG_ENABLE_MODULES = YES;
				CLANG_ENABLE_OBJC_ARC = YES;
				CLANG_ENABLE_OBJC_WEAK = YES;
				CLANG_WARN_BLOCK_CAPTURE_AUTORELEASING = YES;
				CLANG_WARN_BOOL_CONVERSION = YES;
				CLANG_WARN_COMMA = YES;
				CLANG_WARN_CONSTANT_CONVERSION = YES;
				CLANG_WARN_DEPRECATED_OBJC_IMPLEMENTATIONS = YES;
				CLANG_WARN_DIRECT_OBJC_ISA_USAGE = YES_ERROR;
				CLANG_WARN_DOCUMENTATION_COMMENTS = YES;
				CLANG_WARN_EMPTY_BODY = YES;
				CLANG_WARN_ENUM_CONVERSION = YES;
				CLANG_WARN_INFINITE_RECURSION = YES;
				CLANG_WARN_INT_CONVERSION = YES;
				CLANG_WARN_NON_LITERAL_NULL_CONVERSION = YES;
				CLANG_WARN_OBJC_IMPLICIT_RETAIN_SELF = YES;
				CLANG_WARN_OBJC_LITERAL_CONVERSION = YES;
				CLANG_WARN_OBJC_ROOT_CLASS = YES_ERROR;
				CLANG_WARN_QUOTED_INCLUDE_IN_FRAMEWORK_HEADER = YES;
				CLANG_WARN_RANGE_LOOP_ANALYSIS = YES;
				CLANG_WARN_STRICT_PROTOTYPES = YES;
				CLANG_WARN_SUSPICIOUS_MOVE = YES;
				CLANG_WARN_UNGUARDED_AVAILABILITY = YES_AGGRESSIVE;
				CLANG_WARN_UNREACHABLE_CODE = YES;
				CLANG_WARN__DUPLICATE_METHOD_MATCH = YES;
				COPY_PHASE_STRIP = NO;
				DEBUG_INFORMATION_FORMAT = "dwarf-with-dsym";
				ENABLE_NS_ASSERTIONS = NO;
				ENABLE_STRICT_OBJC_MSGSEND = YES;
				GCC_C_LANGUAGE_STANDARD = gnu11;
				GCC_NO_COMMON_BLOCKS = YES;
				GCC_WARN_64_TO_32_BIT_CONVERSION = YES;
				GCC_WARN_ABOUT_RETURN_TYPE = YES_ERROR;
				GCC_WARN_UNDECLARED_SELECTOR = YES;
				GCC_WARN_UNINITIALIZED_AUTOS = YES_AGGRESSIVE;
				GCC_WARN_UNUSED_FUNCTION = YES;
				GCC_WARN_UNUSED_VARIABLE = YES;
				IPHONEOS_DEPLOYMENT_TARGET = 16.1;
				MTL_ENABLE_DEBUG_INFO = NO;
				MTL_FAST_MATH = YES;
				SDKROOT = iphoneos;
				SWIFT_COMPILATION_MODE = wholemodule;
				SWIFT_OPTIMIZATION_LEVEL = "-O";
				VALIDATE_PRODUCT = YES;
			};
			name = Release;
		};
		077B397E29484F0D00048E24 /* Debug */ = {
			isa = XCBuildConfiguration;
			buildSettings = {
				ASSETCATALOG_COMPILER_APPICON_NAME = AppIcon;
				ASSETCATALOG_COMPILER_GLOBAL_ACCENT_COLOR_NAME = AccentColor;
				CODE_SIGN_STYLE = Automatic;
				CURRENT_PROJECT_VERSION = 1;
				GENERATE_INFOPLIST_FILE = YES;
				INFOPLIST_FILE = JSONParseApp/App/Info.plist;
				INFOPLIST_KEY_UIApplicationSupportsIndirectInputEvents = YES;
				INFOPLIST_KEY_UILaunchStoryboardName = LaunchScreen;
				INFOPLIST_KEY_UIMainStoryboardFile = Main;
				INFOPLIST_KEY_UISupportedInterfaceOrientations_iPad = "UIInterfaceOrientationPortrait UIInterfaceOrientationPortraitUpsideDown UIInterfaceOrientationLandscapeLeft UIInterfaceOrientationLandscapeRight";
				INFOPLIST_KEY_UISupportedInterfaceOrientations_iPhone = "UIInterfaceOrientationPortrait UIInterfaceOrientationLandscapeLeft UIInterfaceOrientationLandscapeRight";
				LD_RUNPATH_SEARCH_PATHS = (
					"$(inherited)",
					"@executable_path/Frameworks",
				);
				MARKETING_VERSION = 1.0;
				PRODUCT_BUNDLE_IDENTIFIER = "Olga-Tegza.JSONParseApp";
				PRODUCT_NAME = "$(TARGET_NAME)";
				SUPPORTED_PLATFORMS = "iphoneos iphonesimulator";
				SUPPORTS_MACCATALYST = NO;
				SUPPORTS_MAC_DESIGNED_FOR_IPHONE_IPAD = YES;
				SWIFT_EMIT_LOC_STRINGS = YES;
				SWIFT_VERSION = 5.0;
				TARGETED_DEVICE_FAMILY = 1;
			};
			name = Debug;
		};
		077B397F29484F0D00048E24 /* Release */ = {
			isa = XCBuildConfiguration;
			buildSettings = {
				ASSETCATALOG_COMPILER_APPICON_NAME = AppIcon;
				ASSETCATALOG_COMPILER_GLOBAL_ACCENT_COLOR_NAME = AccentColor;
				CODE_SIGN_STYLE = Automatic;
				CURRENT_PROJECT_VERSION = 1;
				GENERATE_INFOPLIST_FILE = YES;
				INFOPLIST_FILE = JSONParseApp/App/Info.plist;
				INFOPLIST_KEY_UIApplicationSupportsIndirectInputEvents = YES;
				INFOPLIST_KEY_UILaunchStoryboardName = LaunchScreen;
				INFOPLIST_KEY_UIMainStoryboardFile = Main;
				INFOPLIST_KEY_UISupportedInterfaceOrientations_iPad = "UIInterfaceOrientationPortrait UIInterfaceOrientationPortraitUpsideDown UIInterfaceOrientationLandscapeLeft UIInterfaceOrientationLandscapeRight";
				INFOPLIST_KEY_UISupportedInterfaceOrientations_iPhone = "UIInterfaceOrientationPortrait UIInterfaceOrientationLandscapeLeft UIInterfaceOrientationLandscapeRight";
				LD_RUNPATH_SEARCH_PATHS = (
					"$(inherited)",
					"@executable_path/Frameworks",
				);
				MARKETING_VERSION = 1.0;
				PRODUCT_BUNDLE_IDENTIFIER = "Olga-Tegza.JSONParseApp";
				PRODUCT_NAME = "$(TARGET_NAME)";
				SUPPORTED_PLATFORMS = "iphoneos iphonesimulator";
				SUPPORTS_MACCATALYST = NO;
				SUPPORTS_MAC_DESIGNED_FOR_IPHONE_IPAD = YES;
				SWIFT_EMIT_LOC_STRINGS = YES;
				SWIFT_VERSION = 5.0;
				TARGETED_DEVICE_FAMILY = 1;
			};
			name = Release;
		};
/* End XCBuildConfiguration section */

/* Begin XCConfigurationList section */
		077B396429484F0C00048E24 /* Build configuration list for PBXProject "JSONParseApp" */ = {
			isa = XCConfigurationList;
			buildConfigurations = (
				077B397B29484F0D00048E24 /* Debug */,
				077B397C29484F0D00048E24 /* Release */,
			);
			defaultConfigurationIsVisible = 0;
			defaultConfigurationName = Release;
		};
		077B397D29484F0D00048E24 /* Build configuration list for PBXNativeTarget "JSONParseApp" */ = {
			isa = XCConfigurationList;
			buildConfigurations = (
				077B397E29484F0D00048E24 /* Debug */,
				077B397F29484F0D00048E24 /* Release */,
			);
			defaultConfigurationIsVisible = 0;
			defaultConfigurationName = Release;
		};
/* End XCConfigurationList section */
	};
	rootObject = 077B396129484F0C00048E24 /* Project object */;
}
